# THIS IS AN AUTOGENERATED FILE. DO NOT EDIT THIS FILE DIRECTLY.
# yarn lockfile v1


fs-extra@^8.1.0:
  version "8.1.0"
  resolved "https://registry.yarnpkg.com/fs-extra/-/fs-extra-8.1.0.tgz#49d43c45a88cd9677668cb7be1b46efdb8d2e1c0"
  integrity sha512-yhlQgA6mnOJUKOsRUFsgJdQCvkKhcz8tlZG5HBQfReYZy46OwLcY+Zia0mtdHsOo9y/hP+CxMN0TU9QxoOtG4g==
  dependencies:
    graceful-fs "^4.2.0"
    jsonfile "^4.0.0"
    universalify "^0.1.0"

graceful-fs@^4.1.6, graceful-fs@^4.2.0:
  version "4.2.3"
  resolved "https://registry.yarnpkg.com/graceful-fs/-/graceful-fs-4.2.3.tgz#4a12ff1b60376ef09862c2093edd908328be8423"
  integrity sha512-a30VEBm4PEdx1dRB7MFK7BejejvCvBronbLjht+sHuGYj8PHs7M/5Z+rt5lw551vZ7yfTCj4Vuyy3mSJytDWRQ==

jsonfile@^4.0.0:
  version "4.0.0"
  resolved "https://registry.yarnpkg.com/jsonfile/-/jsonfile-4.0.0.tgz#8771aae0799b64076b76640fca058f9c10e33ecb"
  integrity sha1-h3Gq4HmbZAdrdmQPygWPnBDjPss=
  optionalDependencies:
    graceful-fs "^4.1.6"

next-aws-lambda@^2.3.4:
  version "2.3.6"
  resolved "https://registry.yarnpkg.com/next-aws-lambda/-/next-aws-lambda-2.3.6.tgz#68d9f4d1476b95cce924fac0dc4b0b5c6c9566eb"
  integrity sha512-HZsKU4L/4szH3X6jeBQWpf1NEfMK5tkZny10oboGN6Hw2wjJkqLoAA09/i3GWp0zusXy2j0Ydt7QrNbshotNJA==

next-on-netlify@^1.0.1:
  version "1.0.1"
  resolved "https://registry.yarnpkg.com/next-on-netlify/-/next-on-netlify-1.0.1.tgz#ee7be4841052b435d365b40c0af62d01d00867c7"
  integrity sha512-Ic7PaUukD4aNWBksAFUOeDqFOOFUVKvNDJeAlesikXrETwUnhDiHJUfMZ6VTQJe8BjYL4DHfZ+oiLXq2Bnq9vA==
  dependencies:
    fs-extra "^8.1.0"
    next-aws-lambda "^2.3.4"
    path-to-regexp "^3.2.0"

path-to-regexp@^3.2.0:
  version "3.2.0"
  resolved "https://registry.yarnpkg.com/path-to-regexp/-/path-to-regexp-3.2.0.tgz#fa7877ecbc495c601907562222453c43cc204a5f"
  integrity sha512-jczvQbCUS7XmS7o+y1aEO9OBVFeZBQ1MDSEqmO7xSoPgOPoowY/SxLpZ6Vh97/8qHZOteiCKb7gkG9gA2ZUxJA==

universalify@^0.1.0:
  version "0.1.2"
  resolved "https://registry.yarnpkg.com/universalify/-/universalify-0.1.2.tgz#b646f69be3942dabcecc9d6639c80dc105efaa66"
  integrity sha512-rBJeI5CXAlmy1pV+617WB9J63U6XcazHHF2f2dbJix4XzpUF0RS3Zbj0FGIOCAva5P/d/GBOYaACQ1w+0azUkg==
